
Microsoft Visual Studio Solution File, Format Version 12.00
# Visual Studio Version 17
VisualStudioVersion = 17.3.32922.545
MinimumVisualStudioVersion = 10.0.40219.1
Project("{FAE04EC0-301F-11D3-BF4B-00C04F79EFBC}") = "TodoApp", "TodoApp\TodoApp.csproj", "{A0E16025-BCD6-4A83-8AC2-F497E47EB00E}"
EndProject
Global
	GlobalSection(SolutionConfigurationPlatforms) = preSolution
		Debug|Any CPU = Debug|Any CPU
		Release|Any CPU = Release|Any CPU
	EndGlobalSection
	GlobalSection(ProjectConfigurationPlatforms) = postSolution
		{A0E16025-BCD6-4A83-8AC2-F497E47EB00E}.Debug|Any CPU.ActiveCfg = Debug|Any CPU
		{A0E16025-BCD6-4A83-8AC2-F497E47EB00E}.Debug|Any CPU.Build.0 = Debug|Any CPU
		{A0E16025-BCD6-4A83-8AC2-F497E47EB00E}.Release|Any CPU.ActiveCfg = Release|Any CPU
		{A0E16025-BCD6-4A83-8AC2-F497E47EB00E}.Release|Any CPU.Build.0 = Release|Any CPU
	EndGlobalSection
	GlobalSection(SolutionProperties) = preSolution
		HideSolutionNode = FALSE
	EndGlobalSection
	GlobalSection(ExtensibilityGlobals) = postSolution
		SolutionGuid = {D522A778-A6D8-4A4D-9A44-EBD10EA060A2}
	EndGlobalSection
EndGlobal
